
Microsoft Visual Studio Solution File, Format Version 12.00
# Visual Studio Version 17
VisualStudioVersion = 17.9.34701.34
MinimumVisualStudioVersion = 10.0.40219.1
Project("{FAE04EC0-301F-11D3-BF4B-00C04F79EFBC}") = "FluxoCaixa.Domain", "FluxoCaixa.Domain\FluxoCaixa.Domain.csproj", "{A8C7C4A6-D24E-4B12-89F8-8CC3B8E126C5}"
EndProject
Project("{FAE04EC0-301F-11D3-BF4B-00C04F79EFBC}") = "FluxoCaixa.Application", "FluxoCaixa.Application\FluxoCaixa.Application.csproj", "{354BF9B9-798D-4264-9469-740A36EB1B89}"
EndProject
Project("{FAE04EC0-301F-11D3-BF4B-00C04F79EFBC}") = "FluxoCaixa.Infrastructure", "FluxoCaixa.Infrastructure\FluxoCaixa.Infrastructure.csproj", "{A0243B4A-4843-494F-B178-6308D6855B02}"
EndProject
Project("{FAE04EC0-301F-11D3-BF4B-00C04F79EFBC}") = "FluxoCaixa.API", "FluxoCaixa.API\FluxoCaixa.API.csproj", "{7688EF02-72D8-4581-BBA2-8D9F8A6FC439}"
EndProject
Project("{FAE04EC0-301F-11D3-BF4B-00C04F79EFBC}") = "FluxoCaixa.Tests", "FluxoCaixa.Tests\FluxoCaixa.Tests.csproj", "{DE1B4E17-3F60-4A6D-B712-D28E168DAD10}"
EndProject
Global
	GlobalSection(SolutionConfigurationPlatforms) = preSolution
		Debug|Any CPU = Debug|Any CPU
		Release|Any CPU = Release|Any CPU
	EndGlobalSection
	GlobalSection(ProjectConfigurationPlatforms) = postSolution
		{A8C7C4A6-D24E-4B12-89F8-8CC3B8E126C5}.Debug|Any CPU.ActiveCfg = Debug|Any CPU
		{A8C7C4A6-D24E-4B12-89F8-8CC3B8E126C5}.Debug|Any CPU.Build.0 = Debug|Any CPU
		{A8C7C4A6-D24E-4B12-89F8-8CC3B8E126C5}.Release|Any CPU.ActiveCfg = Release|Any CPU
		{A8C7C4A6-D24E-4B12-89F8-8CC3B8E126C5}.Release|Any CPU.Build.0 = Release|Any CPU
		{354BF9B9-798D-4264-9469-740A36EB1B89}.Debug|Any CPU.ActiveCfg = Debug|Any CPU
		{354BF9B9-798D-4264-9469-740A36EB1B89}.Debug|Any CPU.Build.0 = Debug|Any CPU
		{354BF9B9-798D-4264-9469-740A36EB1B89}.Release|Any CPU.ActiveCfg = Release|Any CPU
		{354BF9B9-798D-4264-9469-740A36EB1B89}.Release|Any CPU.Build.0 = Release|Any CPU
		{A0243B4A-4843-494F-B178-6308D6855B02}.Debug|Any CPU.ActiveCfg = Debug|Any CPU
		{A0243B4A-4843-494F-B178-6308D6855B02}.Debug|Any CPU.Build.0 = Debug|Any CPU
		{A0243B4A-4843-494F-B178-6308D6855B02}.Release|Any CPU.ActiveCfg = Release|Any CPU
		{A0243B4A-4843-494F-B178-6308D6855B02}.Release|Any CPU.Build.0 = Release|Any CPU
		{7688EF02-72D8-4581-BBA2-8D9F8A6FC439}.Debug|Any CPU.ActiveCfg = Debug|Any CPU
		{7688EF02-72D8-4581-BBA2-8D9F8A6FC439}.Debug|Any CPU.Build.0 = Debug|Any CPU
		{7688EF02-72D8-4581-BBA2-8D9F8A6FC439}.Release|Any CPU.ActiveCfg = Release|Any CPU
		{7688EF02-72D8-4581-BBA2-8D9F8A6FC439}.Release|Any CPU.Build.0 = Release|Any CPU
		{DE1B4E17-3F60-4A6D-B712-D28E168DAD10}.Debug|Any CPU.ActiveCfg = Debug|Any CPU
		{DE1B4E17-3F60-4A6D-B712-D28E168DAD10}.Debug|Any CPU.Build.0 = Debug|Any CPU
		{DE1B4E17-3F60-4A6D-B712-D28E168DAD10}.Release|Any CPU.ActiveCfg = Release|Any CPU
		{DE1B4E17-3F60-4A6D-B712-D28E168DAD10}.Release|Any CPU.Build.0 = Release|Any CPU
	EndGlobalSection
	GlobalSection(SolutionProperties) = preSolution
		HideSolutionNode = FALSE
	EndGlobalSection
	GlobalSection(ExtensibilityGlobals) = postSolution
		SolutionGuid = {FC3D442D-5458-4B89-A610-F6CC706BF022}
	EndGlobalSection
EndGlobal
